# This file is automatically @generated by Cargo.
# It is not intended for manual editing.
version = 3

[[package]]
name = "adler"
version = "1.0.2"
source = "registry+https://github.com/rust-lang/crates.io-index"
checksum = "f26201604c87b1e01bd3d98f8d5d9a8fcbb815e8cedb41ffccbeb4bf593a35fe"

[[package]]
name = "ahash"
version = "0.7.6"
source = "registry+https://github.com/rust-lang/crates.io-index"
checksum = "fcb51a0695d8f838b1ee009b3fbf66bda078cd64590202a864a8f3e8c4315c47"
dependencies = [
 "getrandom",
 "once_cell",
 "version_check",
]

[[package]]
name = "bytemuck"
version = "1.8.0"
source = "registry+https://github.com/rust-lang/crates.io-index"
checksum = "0e851ca7c24871e7336801608a4797d7376545b6928a10d32d75685687141ead"

[[package]]
name = "cfg-if"
version = "1.0.0"
source = "registry+https://github.com/rust-lang/crates.io-index"
checksum = "baf1de4339761588bc0619e3cbc0120ee582ebb74b53b4efbf79117bd2da40fd"

[[package]]
name = "chlorine"
version = "1.0.10"
source = "registry+https://github.com/rust-lang/crates.io-index"
checksum = "75476fe966a8af7c0ceae2a3e514afa87d4451741fcdfab8bfaa07ad301842ec"

[[package]]
name = "clatter"
version = "0.1.0"
source = "git+https://github.com/Ralith/clatter#98cd157dc426ba88ac522a05b151cc8b74714395"

[[package]]
name = "cty"
version = "0.2.2"
source = "registry+https://github.com/rust-lang/crates.io-index"
checksum = "b365fabc795046672053e29c954733ec3b05e4be654ab130fe8f1f94d7051f35"

[[package]]
name = "fontdb"
version = "0.7.0"
source = "registry+https://github.com/rust-lang/crates.io-index"
checksum = "01b07f5c05414a0d8caba4c17eef8dc8b5c8955fc7c68d324191c7a56d3f3449"
dependencies = [
 "log",
 "memmap2",
 "ttf-parser",
]

[[package]]
name = "fontdue"
version = "0.6.4"
source = "registry+https://github.com/rust-lang/crates.io-index"
checksum = "f716db304dca2e287fea5c7e3a22dac3eac9050f9bae143aa424ac2815494475"
dependencies = [
 "hashbrown",
 "ttf-parser",
]

[[package]]
name = "getrandom"
version = "0.2.5"
source = "registry+https://github.com/rust-lang/crates.io-index"
checksum = "d39cd93900197114fa1fcb7ae84ca742095eed9442088988ae74fa744e930e77"
dependencies = [
 "cfg-if",
 "libc",
 "wasi",
]

[[package]]
name = "gl33"
version = "0.2.1"
source = "registry+https://github.com/rust-lang/crates.io-index"
checksum = "29b2b7ada5ed872363f5d27e54e7cae69148cb5e4d05aa3cac1a40c30519bda3"
dependencies = [
 "chlorine",
]

[[package]]
name = "hashbrown"
version = "0.11.2"
source = "registry+https://github.com/rust-lang/crates.io-index"
checksum = "ab5ef0d4909ef3724cc8cce6ccc8572c5c817592e9285f5464f8e86f8bd3726e"
dependencies = [
 "ahash",
]

[[package]]
name = "hdrldr"
version = "0.1.2"
source = "registry+https://github.com/rust-lang/crates.io-index"
checksum = "b6cb717c5ebe824622289dc405a0415152ce835d162d43bf05fd902e394d5609"

[[package]]
name = "hermit-abi"
version = "0.1.19"
source = "registry+https://github.com/rust-lang/crates.io-index"
checksum = "62b467343b94ba476dcb2500d242dadbb39557df889310ac77c5d99100aaac33"
dependencies = [
 "libc",
]

[[package]]
name = "hound"
version = "3.4.0"
source = "registry+https://github.com/rust-lang/crates.io-index"
checksum = "8a164bb2ceaeff4f42542bdb847c41517c78a60f5649671b2a07312b6e117549"

[[package]]
name = "imagine"
version = "0.0.8"
source = "git+https://github.com/Lokathor/imagine#da17bf5e0bdde3b274bff4799a8e5eb35d516cc9"
dependencies = [
 "bytemuck",
 "miniz_oxide",
 "wide",
]

[[package]]
name = "jpeg-decoder"
version = "0.1.22"
source = "registry+https://github.com/rust-lang/crates.io-index"
checksum = "229d53d58899083193af11e15917b5640cd40b29ff475a1fe4ef725deb02d0f2"

[[package]]
name = "kapp"
version = "0.1.0"
dependencies = [
 "kapp_gl_context",
 "kapp_platforms",
 "klog",
 "kmath",
]

[[package]]
name = "kapp_gl_context"
version = "0.1.0"
dependencies = [
 "kapp_platform_common",
 "kwasm",
 "lawrencium",
 "objc",
 "raw-window-handle",
]

[[package]]
name = "kapp_platform_common"
version = "0.1.0"
dependencies = [
 "kserde",
 "raw-window-handle",
]

[[package]]
name = "kapp_platforms"
version = "0.1.0"
dependencies = [
 "kapp_platform_common",
 "klog",
 "kwasm",
 "objc",
 "raw-window-handle",
]

[[package]]
name = "kaudio"
version = "0.1.0"
dependencies = [
 "hound",
 "kwasm",
 "wasm_set_stack_pointer",
]

[[package]]
name = "kcolor"
version = "0.1.0"
dependencies = [
 "kecs",
 "kmath",
 "kolor",
 "kserde",
]

[[package]]
name = "kecs"
version = "0.1.0"
dependencies = [
 "kecs_derive",
 "ktasks",
]

[[package]]
name = "kecs_derive"
version = "0.1.0"
dependencies = [
 "kecs_derive_impl",
 "kreflect_common",
 "kserde_derive_impl",
]

[[package]]
name = "kecs_derive_impl"
version = "0.1.0"
dependencies = [
 "kreflect_common",
]

[[package]]
name = "kgltf"
version = "0.1.0"
dependencies = [
 "kserde",
]

[[package]]
name = "kgraphics"
version = "0.1.0"
dependencies = [
 "gl33",
 "kapp",
 "klog",
 "kwasm",
 "objc",
 "raw-window-handle",
]

[[package]]
name = "klog"
version = "0.1.0"
dependencies = [
 "kwasm",
]

[[package]]
name = "kmath"
version = "0.1.0"
dependencies = [
 "kserde",
]

[[package]]
name = "koi"
version = "0.1.0"
dependencies = [
 "bytemuck",
 "hdrldr",
 "imagine",
 "jpeg-decoder",
 "kapp",
 "kaudio",
 "kcolor",
 "kecs",
 "kgltf",
 "kgraphics",
 "klog",
 "kmath",
 "kphysics",
 "kserde",
 "ktasks",
 "kui",
 "kwasm",
 "oddio",
 "oorandom",
]

[[package]]
name = "kolor"
version = "0.1.8"
source = "registry+https://github.com/rust-lang/crates.io-index"
checksum = "933f5089153715eca1db92432ae036e7b10fbc412e3a39c99f0c51e1ceff2de7"

[[package]]
name = "kphysics"
version = "0.1.0"
dependencies = [
 "kmath",
]

[[package]]
name = "kreflect_common"
version = "0.1.0"

[[package]]
name = "kserde"
version = "0.1.0"
dependencies = [
 "kserde_derive",
]

[[package]]
name = "kserde_derive"
version = "0.1.0"
dependencies = [
 "kreflect_common",
 "kserde_derive_impl",
]

[[package]]
name = "kserde_derive_impl"
version = "0.1.0"
dependencies = [
 "kreflect_common",
]

[[package]]
name = "ktasks"
version = "0.1.0"
dependencies = [
 "klog",
 "kwasm",
 "num_cpus",
]

[[package]]
name = "kui"
version = "0.1.0"
dependencies = [
 "fontdb",
 "fontdue",
 "kapp_platform_common",
 "kcolor",
 "kmath",
 "rect_packer",
]

[[package]]
name = "kwasm"
version = "0.1.0"
dependencies = [
 "once_cell",
 "wasm_set_stack_pointer",
]

[[package]]
name = "lawrencium"
version = "1.0.1-alpha.0"
source = "git+https://github.com/Lokathor/lawrencium?rev=4079f8a#4079f8a5b1b92c1d720d8c8013e34363826d6938"

[[package]]
name = "libc"
version = "0.2.121"
source = "registry+https://github.com/rust-lang/crates.io-index"
checksum = "efaa7b300f3b5fe8eb6bf21ce3895e1751d9665086af2d64b42f19701015ff4f"

[[package]]
name = "log"
version = "0.4.14"
source = "registry+https://github.com/rust-lang/crates.io-index"
checksum = "51b9bbe6c47d51fc3e1a9b945965946b4c44142ab8792c50835a980d362c2710"
dependencies = [
 "cfg-if",
]

[[package]]
name = "malloc_buf"
version = "0.0.6"
source = "registry+https://github.com/rust-lang/crates.io-index"
checksum = "62bb907fe88d54d8d9ce32a3cceab4218ed2f6b7d35617cafe9adf84e43919cb"
dependencies = [
 "libc",
]

[[package]]
name = "memmap2"
version = "0.5.3"
source = "registry+https://github.com/rust-lang/crates.io-index"
checksum = "057a3db23999c867821a7a59feb06a578fcb03685e983dff90daf9e7d24ac08f"
dependencies = [
 "libc",
]

[[package]]
name = "miniz_oxide"
version = "0.5.1"
source = "registry+https://github.com/rust-lang/crates.io-index"
checksum = "d2b29bd4bc3f33391105ebee3589c19197c4271e3e5a9ec9bfe8127eeff8f082"
dependencies = [
 "adler",
]

[[package]]
name = "mint"
version = "0.5.9"
source = "registry+https://github.com/rust-lang/crates.io-index"
checksum = "e53debba6bda7a793e5f99b8dacf19e626084f525f7829104ba9898f367d85ff"

[[package]]
name = "num_cpus"
version = "1.13.1"
source = "registry+https://github.com/rust-lang/crates.io-index"
checksum = "19e64526ebdee182341572e50e9ad03965aa510cd94427a4549448f285e957a1"
dependencies = [
 "hermit-abi",
 "libc",
]

[[package]]
name = "objc"
version = "0.2.7"
source = "registry+https://github.com/rust-lang/crates.io-index"
checksum = "915b1b472bc21c53464d6c8461c9d3af805ba1ef837e1cac254428f4a77177b1"
dependencies = [
 "malloc_buf",
]

[[package]]
name = "oddio"
version = "0.5.0"
source = "git+https://github.com/Ralith/oddio/#e49692946b2f1425c23af4238462921fb5af41eb"
dependencies = [
 "mint",
]

[[package]]
name = "once_cell"
version = "1.10.0"
source = "registry+https://github.com/rust-lang/crates.io-index"
checksum = "87f3e037eac156d1775da914196f0f37741a274155e34a0b7e427c35d2a2ecb9"

[[package]]
name = "oorandom"
version = "11.1.3"
source = "registry+https://github.com/rust-lang/crates.io-index"
checksum = "0ab1bc2a289d34bd04a330323ac98a1b4bc82c9d9fcb1e66b63caa84da26b575"

[[package]]
name = "open_world_game"
version = "0.1.0"
dependencies = [
 "clatter",
 "koi",
]

[[package]]
name = "raw-window-handle"
version = "0.4.2"
source = "registry+https://github.com/rust-lang/crates.io-index"
checksum = "fba75eee94a9d5273a68c9e1e105d9cffe1ef700532325788389e5a83e2522b7"
dependencies = [
 "cty",
]

[[package]]
name = "rect_packer"
version = "0.2.1"
source = "registry+https://github.com/rust-lang/crates.io-index"
checksum = "d8ffb4dfda4b01cc420847665dc480760d596ce186f2772a66ed32fe9acb1c45"

[[package]]
name = "safe_arch"
version = "0.6.0"
source = "registry+https://github.com/rust-lang/crates.io-index"
checksum = "794821e4ccb0d9f979512f9c1973480123f9bd62a90d74ab0f9426fcf8f4a529"
dependencies = [
 "bytemuck",
]

[[package]]
name = "ttf-parser"
version = "0.12.3"
source = "registry+https://github.com/rust-lang/crates.io-index"
checksum = "7ae2f58a822f08abdaf668897e96a5656fe72f5a9ce66422423e8849384872e6"

[[package]]
name = "version_check"
version = "0.9.4"
source = "registry+https://github.com/rust-lang/crates.io-index"
checksum = "49874b5167b65d7193b8aba1567f5c7d93d001cafc34600cee003eda787e483f"

[[package]]
name = "wasi"
version = "0.10.2+wasi-snapshot-preview1"
source = "registry+https://github.com/rust-lang/crates.io-index"
checksum = "fd6fbd9a79829dd1ad0cc20627bf1ed606756a7f77edff7b66b7064f9cb327c6"

[[package]]
name = "wasm_set_stack_pointer"
version = "0.1.0"

[[package]]
name = "wide"
version = "0.7.4"
source = "registry+https://github.com/rust-lang/crates.io-index"
checksum = "b3aba2d1dac31ac7cae82847ac5b8be822aee8f99a4e100f279605016b185c5f"
dependencies = [
 "bytemuck",
 "safe_arch",
]
